
Microsoft Visual Studio Solution File, Format Version 12.00
# Visual Studio Version 17
VisualStudioVersion = 17.9.34728.123
MinimumVisualStudioVersion = 10.0.40219.1
Project("{FAE04EC0-301F-11D3-BF4B-00C04F79EFBC}") = "TelegramBotMessanger", "TelegramBotMessanger\TelegramBotMessanger.csproj", "{51D84FEA-B48F-489A-9A9B-BB792677FD78}"
EndProject
Global
	GlobalSection(SolutionConfigurationPlatforms) = preSolution
		Debug|Any CPU = Debug|Any CPU
		Release|Any CPU = Release|Any CPU
	EndGlobalSection
	GlobalSection(ProjectConfigurationPlatforms) = postSolution
		{51D84FEA-B48F-489A-9A9B-BB792677FD78}.Debug|Any CPU.ActiveCfg = Debug|Any CPU
		{51D84FEA-B48F-489A-9A9B-BB792677FD78}.Debug|Any CPU.Build.0 = Debug|Any CPU
		{51D84FEA-B48F-489A-9A9B-BB792677FD78}.Release|Any CPU.ActiveCfg = Release|Any CPU
		{51D84FEA-B48F-489A-9A9B-BB792677FD78}.Release|Any CPU.Build.0 = Release|Any CPU
	EndGlobalSection
	GlobalSection(SolutionProperties) = preSolution
		HideSolutionNode = FALSE
	EndGlobalSection
	GlobalSection(ExtensibilityGlobals) = postSolution
		SolutionGuid = {F9A9F88A-72A4-4ED0-BBBD-58CA32CCBBFD}
	EndGlobalSection
EndGlobal
